// !$*UTF8*$!
{
	archiveVersion = 1;
	classes = {
	};
	objectVersion = 50;
	objects = {

/* Begin PBXBuildFile section */
		15A47FD92651C659005963BE /* AppDelegate.swift in Sources */ = {isa = PBXBuildFile; fileRef = 15A47FD82651C659005963BE /* AppDelegate.swift */; };
		15A47FDB2651C659005963BE /* SceneDelegate.swift in Sources */ = {isa = PBXBuildFile; fileRef = 15A47FDA2651C659005963BE /* SceneDelegate.swift */; };
		15A47FE02651C659005963BE /* Main.storyboard in Resources */ = {isa = PBXBuildFile; fileRef = 15A47FDE2651C659005963BE /* Main.storyboard */; };
		15A47FE22651C65A005963BE /* Assets.xcassets in Resources */ = {isa = PBXBuildFile; fileRef = 15A47FE12651C65A005963BE /* Assets.xcassets */; };
		15A47FE52651C65A005963BE /* LaunchScreen.storyboard in Resources */ = {isa = PBXBuildFile; fileRef = 15A47FE32651C65A005963BE /* LaunchScreen.storyboard */; };
		15A47FF32651C8F3005963BE /* Address.swift in Sources */ = {isa = PBXBuildFile; fileRef = 15A47FF22651C8F3005963BE /* Address.swift */; };
		15A47FF52651D519005963BE /* AddressViewCell.swift in Sources */ = {isa = PBXBuildFile; fileRef = 15A47FF42651D519005963BE /* AddressViewCell.swift */; };
		15A47FF72651E68C005963BE /* AddressViewController.swift in Sources */ = {isa = PBXBuildFile; fileRef = 15A47FF62651E68C005963BE /* AddressViewController.swift */; };
/* End PBXBuildFile section */

/* Begin PBXFileReference section */
		15A47FD52651C659005963BE /* CheckAddress.app */ = {isa = PBXFileReference; explicitFileType = wrapper.application; includeInIndex = 0; path = CheckAddress.app; sourceTree = BUILT_PRODUCTS_DIR; };
		15A47FD82651C659005963BE /* AppDelegate.swift */ = {isa = PBXFileReference; lastKnownFileType = sourcecode.swift; path = AppDelegate.swift; sourceTree = "<group>"; };
		15A47FDA2651C659005963BE /* SceneDelegate.swift */ = {isa = PBXFileReference; lastKnownFileType = sourcecode.swift; path = SceneDelegate.swift; sourceTree = "<group>"; };
		15A47FDF2651C659005963BE /* Base */ = {isa = PBXFileReference; lastKnownFileType = file.storyboard; name = Base; path = Base.lproj/Main.storyboard; sourceTree = "<group>"; };
		15A47FE12651C65A005963BE /* Assets.xcassets */ = {isa = PBXFileReference; lastKnownFileType = folder.assetcatalog; path = Assets.xcassets; sourceTree = "<group>"; };
		15A47FE42651C65A005963BE /* Base */ = {isa = PBXFileReference; lastKnownFileType = file.storyboard; name = Base; path = Base.lproj/LaunchScreen.storyboard; sourceTree = "<group>"; };
		15A47FE62651C65A005963BE /* Info.plist */ = {isa = PBXFileReference; lastKnownFileType = text.plist.xml; path = Info.plist; sourceTree = "<group>"; };
		15A47FF22651C8F3005963BE /* Address.swift */ = {isa = PBXFileReference; lastKnownFileType = sourcecode.swift; path = Address.swift; sourceTree = "<group>"; };
		15A47FF42651D519005963BE /* AddressViewCell.swift */ = {isa = PBXFileReference; lastKnownFileType = sourcecode.swift; path = AddressViewCell.swift; sourceTree = "<group>"; };
		15A47FF62651E68C005963BE /* AddressViewController.swift */ = {isa = PBXFileReference; lastKnownFileType = sourcecode.swift; path = AddressViewController.swift; sourceTree = "<group>"; };
/* End PBXFileReference section */

/* Begin PBXFrameworksBuildPhase section */
		15A47FD22651C659005963BE /* Frameworks */ = {
			isa = PBXFrameworksBuildPhase;
			buildActionMask = 2147483647;
			files = (
			);
			runOnlyForDeploymentPostprocessing = 0;
		};
/* End PBXFrameworksBuildPhase section */

/* Begin PBXGroup section */
		15A47FCC2651C659005963BE = {
			isa = PBXGroup;
			children = (
				15A47FD72651C659005963BE /* CheckAddress */,
				15A47FD62651C659005963BE /* Products */,
			);
			sourceTree = "<group>";
		};
		15A47FD62651C659005963BE /* Products */ = {
			isa = PBXGroup;
			children = (
				15A47FD52651C659005963BE /* CheckAddress.app */,
			);
			name = Products;
			sourceTree = "<group>";
		};
		15A47FD72651C659005963BE /* CheckAddress */ = {
			isa = PBXGroup;
			children = (
				15A47FEC2651C661005963BE /* App Delegate */,
				15A47FEF2651C68B005963BE /* Model */,
				15A47FF12651C69B005963BE /* Controller */,
				15A47FF02651C696005963BE /* View */,
				15A47FED2651C673005963BE /* Resources */,
			);
			path = CheckAddress;
			sourceTree = "<group>";
		};
		15A47FEC2651C661005963BE /* App Delegate */ = {
			isa = PBXGroup;
			children = (
				15A47FD82651C659005963BE /* AppDelegate.swift */,
				15A47FDA2651C659005963BE /* SceneDelegate.swift */,
			);
			path = "App Delegate";
			sourceTree = "<group>";
		};
		15A47FED2651C673005963BE /* Resources */ = {
			isa = PBXGroup;
			children = (
				15A47FE12651C65A005963BE /* Assets.xcassets */,
				15A47FE62651C65A005963BE /* Info.plist */,
			);
			path = Resources;
			sourceTree = "<group>";
		};
		15A47FEF2651C68B005963BE /* Model */ = {
			isa = PBXGroup;
			children = (
				15A47FF22651C8F3005963BE /* Address.swift */,
			);
			path = Model;
			sourceTree = "<group>";
		};
		15A47FF02651C696005963BE /* View */ = {
			isa = PBXGroup;
			children = (
				15A47FF42651D519005963BE /* AddressViewCell.swift */,
				15A47FDE2651C659005963BE /* Main.storyboard */,
				15A47FE32651C65A005963BE /* LaunchScreen.storyboard */,
			);
			path = View;
			sourceTree = "<group>";
		};
		15A47FF12651C69B005963BE /* Controller */ = {
			isa = PBXGroup;
			children = (
				15A47FF62651E68C005963BE /* AddressViewController.swift */,
			);
			path = Controller;
			sourceTree = "<group>";
		};
/* End PBXGroup section */

/* Begin PBXNativeTarget section */
		15A47FD42651C659005963BE /* CheckAddress */ = {
			isa = PBXNativeTarget;
			buildConfigurationList = 15A47FE92651C65A005963BE /* Build configuration list for PBXNativeTarget "CheckAddress" */;
			buildPhases = (
				15A47FD12651C659005963BE /* Sources */,
				15A47FD22651C659005963BE /* Frameworks */,
				15A47FD32651C659005963BE /* Resources */,
			);
			buildRules = (
			);
			dependencies = (
			);
			name = CheckAddress;
			productName = CheckAddress;
			productReference = 15A47FD52651C659005963BE /* CheckAddress.app */;
			productType = "com.apple.product-type.application";
		};
/* End PBXNativeTarget section */

/* Begin PBXProject section */
		15A47FCD2651C659005963BE /* Project object */ = {
			isa = PBXProject;
			attributes = {
				LastSwiftUpdateCheck = 1110;
				LastUpgradeCheck = 1110;
				ORGANIZATIONNAME = MAC;
				TargetAttributes = {
					15A47FD42651C659005963BE = {
						CreatedOnToolsVersion = 11.1;
					};
				};
			};
			buildConfigurationList = 15A47FD02651C659005963BE /* Build configuration list for PBXProject "CheckAddress" */;
			compatibilityVersion = "Xcode 9.3";
			developmentRegion = en;
			hasScannedForEncodings = 0;
			knownRegions = (
				en,
				Base,
			);
			mainGroup = 15A47FCC2651C659005963BE;
			productRefGroup = 15A47FD62651C659005963BE /* Products */;
			projectDirPath = "";
			projectRoot = "";
			targets = (
				15A47FD42651C659005963BE /* CheckAddress */,
			);
		};
/* End PBXProject section */

/* Begin PBXResourcesBuildPhase section */
		15A47FD32651C659005963BE /* Resources */ = {
			isa = PBXResourcesBuildPhase;
			buildActionMask = 2147483647;
			files = (
				15A47FE52651C65A005963BE /* LaunchScreen.storyboard in Resources */,
				15A47FE22651C65A005963BE /* Assets.xcassets in Resources */,
				15A47FE02651C659005963BE /* Main.storyboard in Resources */,
			);
			runOnlyForDeploymentPostprocessing = 0;
		};
/* End PBXResourcesBuildPhase section */

/* Begin PBXSourcesBuildPhase section */
		15A47FD12651C659005963BE /* Sources */ = {
			isa = PBXSourcesBuildPhase;
			buildActionMask = 2147483647;
			files = (
				15A47FD92651C659005963BE /* AppDelegate.swift in Sources */,
				15A47FF52651D519005963BE /* AddressViewCell.swift in Sources */,
				15A47FF32651C8F3005963BE /* Address.swift in Sources */,
				15A47FF72651E68C005963BE /* AddressViewController.swift in Sources */,
				15A47FDB2651C659005963BE /* SceneDelegate.swift in Sources */,
			);
			runOnlyForDeploymentPostprocessing = 0;
		};
/* End PBXSourcesBuildPhase section */

/* Begin PBXVariantGroup section */
		15A47FDE2651C659005963BE /* Main.storyboard */ = {
			isa = PBXVariantGroup;
			children = (
				15A47FDF2651C659005963BE /* Base */,
			);
			name = Main.storyboard;
			sourceTree = "<group>";
		};
		15A47FE32651C65A005963BE /* LaunchScreen.storyboard */ = {
			isa = PBXVariantGroup;
			children = (
				15A47FE42651C65A005963BE /* Base */,
			);
			name = LaunchScreen.storyboard;
			sourceTree = "<group>";
		};
/* End PBXVariantGroup section */

/* Begin XCBuildConfiguration section */
		15A47FE72651C65A005963BE /* Debug */ = {
			isa = XCBuildConfiguration;
			buildSettings = {
				ALWAYS_SEARCH_USER_PATHS = NO;
				CLANG_ANALYZER_NONNULL = YES;
				CLANG_ANALYZER_NUMBER_OBJECT_CONVERSION = YES_AGGRESSIVE;
				CLANG_CXX_LANGUAGE_STANDARD = "gnu++14";
				CLANG_CXX_LIBRARY = "libc++";
				CLANG_ENABLE_MODULES = YES;
				CLANG_ENABLE_OBJC_ARC = YES;
				CLANG_ENABLE_OBJC_WEAK = YES;
				CLANG_WARN_BLOCK_CAPTURE_AUTORELEASING = YES;
				CLANG_WARN_BOOL_CONVERSION = YES;
				CLANG_WARN_COMMA = YES;
				CLANG_WARN_CONSTANT_CONVERSION = YES;
				CLANG_WARN_DEPRECATED_OBJC_IMPLEMENTATIONS = YES;
				CLANG_WARN_DIRECT_OBJC_ISA_USAGE = YES_ERROR;
				CLANG_WARN_DOCUMENTATION_COMMENTS = YES;
				CLANG_WARN_EMPTY_BODY = YES;
				CLANG_WARN_ENUM_CONVERSION = YES;
				CLANG_WARN_INFINITE_RECURSION = YES;
				CLANG_WARN_INT_CONVERSION = YES;
				CLANG_WARN_NON_LITERAL_NULL_CONVERSION = YES;
				CLANG_WARN_OBJC_IMPLICIT_RETAIN_SELF = YES;
				CLANG_WARN_OBJC_LITERAL_CONVERSION = YES;
				CLANG_WARN_OBJC_ROOT_CLASS = YES_ERROR;
				CLANG_WARN_RANGE_LOOP_ANALYSIS = YES;
				CLANG_WARN_STRICT_PROTOTYPES = YES;
				CLANG_WARN_SUSPICIOUS_MOVE = YES;
				CLANG_WARN_UNGUARDED_AVAILABILITY = YES_AGGRESSIVE;
				CLANG_WARN_UNREACHABLE_CODE = YES;
				CLANG_WARN__DUPLICATE_METHOD_MATCH = YES;
				COPY_PHASE_STRIP = NO;
				DEBUG_INFORMATION_FORMAT = dwarf;
				ENABLE_STRICT_OBJC_MSGSEND = YES;
				ENABLE_TESTABILITY = YES;
				GCC_C_LANGUAGE_STANDARD = gnu11;
				GCC_DYNAMIC_NO_PIC = NO;
				GCC_NO_COMMON_BLOCKS = YES;
				GCC_OPTIMIZATION_LEVEL = 0;
				GCC_PREPROCESSOR_DEFINITIONS = (
					"DEBUG=1",
					"$(inherited)",
				);
				GCC_WARN_64_TO_32_BIT_CONVERSION = YES;
				GCC_WARN_ABOUT_RETURN_TYPE = YES_ERROR;
				GCC_WARN_UNDECLARED_SELECTOR = YES;
				GCC_WARN_UNINITIALIZED_AUTOS = YES_AGGRESSIVE;
				GCC_WARN_UNUSED_FUNCTION = YES;
				GCC_WARN_UNUSED_VARIABLE = YES;
				IPHONEOS_DEPLOYMENT_TARGET = 13.1;
				MTL_ENABLE_DEBUG_INFO = INCLUDE_SOURCE;
				MTL_FAST_MATH = YES;
				ONLY_ACTIVE_ARCH = YES;
				SDKROOT = iphoneos;
				SWIFT_ACTIVE_COMPILATION_CONDITIONS = DEBUG;
				SWIFT_OPTIMIZATION_LEVEL = "-Onone";
			};
			name = Debug;
		};
		15A47FE82651C65A005963BE /* Release */ = {
			isa = XCBuildConfiguration;
			buildSettings = {
				ALWAYS_SEARCH_USER_PATHS = NO;
				CLANG_ANALYZER_NONNULL = YES;
				CLANG_ANALYZER_NUMBER_OBJECT_CONVERSION = YES_AGGRESSIVE;
				CLANG_CXX_LANGUAGE_STANDARD = "gnu++14";
				CLANG_CXX_LIBRARY = "libc++";
				CLANG_ENABLE_MODULES = YES;
				CLANG_ENABLE_OBJC_ARC = YES;
				CLANG_ENABLE_OBJC_WEAK = YES;
				CLANG_WARN_BLOCK_CAPTURE_AUTORELEASING = YES;
				CLANG_WARN_BOOL_CONVERSION = YES;
				CLANG_WARN_COMMA = YES;
				CLANG_WARN_CONSTANT_CONVERSION = YES;
				CLANG_WARN_DEPRECATED_OBJC_IMPLEMENTATIONS = YES;
				CLANG_WARN_DIRECT_OBJC_ISA_USAGE = YES_ERROR;
				CLANG_WARN_DOCUMENTATION_COMMENTS = YES;
				CLANG_WARN_EMPTY_BODY = YES;
				CLANG_WARN_ENUM_CONVERSION = YES;
				CLANG_WARN_INFINITE_RECURSION = YES;
				CLANG_WARN_INT_CONVERSION = YES;
				CLANG_WARN_NON_LITERAL_NULL_CONVERSION = YES;
				CLANG_WARN_OBJC_IMPLICIT_RETAIN_SELF = YES;
				CLANG_WARN_OBJC_LITERAL_CONVERSION = YES;
				CLANG_WARN_OBJC_ROOT_CLASS = YES_ERROR;
				CLANG_WARN_RANGE_LOOP_ANALYSIS = YES;
				CLANG_WARN_STRICT_PROTOTYPES = YES;
				CLANG_WARN_SUSPICIOUS_MOVE = YES;
				CLANG_WARN_UNGUARDED_AVAILABILITY = YES_AGGRESSIVE;
				CLANG_WARN_UNREACHABLE_CODE = YES;
				CLANG_WARN__DUPLICATE_METHOD_MATCH = YES;
				COPY_PHASE_STRIP = NO;
				DEBUG_INFORMATION_FORMAT = "dwarf-with-dsym";
				ENABLE_NS_ASSERTIONS = NO;
				ENABLE_STRICT_OBJC_MSGSEND = YES;
				GCC_C_LANGUAGE_STANDARD = gnu11;
				GCC_NO_COMMON_BLOCKS = YES;
				GCC_WARN_64_TO_32_BIT_CONVERSION = YES;
				GCC_WARN_ABOUT_RETURN_TYPE = YES_ERROR;
				GCC_WARN_UNDECLARED_SELECTOR = YES;
				GCC_WARN_UNINITIALIZED_AUTOS = YES_AGGRESSIVE;
				GCC_WARN_UNUSED_FUNCTION = YES;
				GCC_WARN_UNUSED_VARIABLE = YES;
				IPHONEOS_DEPLOYMENT_TARGET = 13.1;
				MTL_ENABLE_DEBUG_INFO = NO;
				MTL_FAST_MATH = YES;
				SDKROOT = iphoneos;
				SWIFT_COMPILATION_MODE = wholemodule;
				SWIFT_OPTIMIZATION_LEVEL = "-O";
				VALIDATE_PRODUCT = YES;
			};
			name = Release;
		};
		15A47FEA2651C65A005963BE /* Debug */ = {
			isa = XCBuildConfiguration;
			buildSettings = {
				ASSETCATALOG_COMPILER_APPICON_NAME = AppIcon;
				CODE_SIGN_STYLE = Automatic;
				INFOPLIST_FILE = CheckAddress/Resources/Info.plist;
				LD_RUNPATH_SEARCH_PATHS = (
					"$(inherited)",
					"@executable_path/Frameworks",
				);
				PRODUCT_BUNDLE_IDENTIFIER = com.Mac.CheckAddress;
				PRODUCT_NAME = "$(TARGET_NAME)";
				SWIFT_VERSION = 5.0;
				TARGETED_DEVICE_FAMILY = "1,2";
			};
			name = Debug;
		};
		15A47FEB2651C65A005963BE /* Release */ = {
			isa = XCBuildConfiguration;
			buildSettings = {
				ASSETCATALOG_COMPILER_APPICON_NAME = AppIcon;
				CODE_SIGN_STYLE = Automatic;
				INFOPLIST_FILE = CheckAddress/Resources/Info.plist;
				LD_RUNPATH_SEARCH_PATHS = (
					"$(inherited)",
					"@executable_path/Frameworks",
				);
				PRODUCT_BUNDLE_IDENTIFIER = com.Mac.CheckAddress;
				PRODUCT_NAME = "$(TARGET_NAME)";
				SWIFT_VERSION = 5.0;
				TARGETED_DEVICE_FAMILY = "1,2";
			};
			name = Release;
		};
/* End XCBuildConfiguration section */

/* Begin XCConfigurationList section */
		15A47FD02651C659005963BE /* Build configuration list for PBXProject "CheckAddress" */ = {
			isa = XCConfigurationList;
			buildConfigurations = (
				15A47FE72651C65A005963BE /* Debug */,
				15A47FE82651C65A005963BE /* Release */,
			);
			defaultConfigurationIsVisible = 0;
			defaultConfigurationName = Release;
		};
		15A47FE92651C65A005963BE /* Build configuration list for PBXNativeTarget "CheckAddress" */ = {
			isa = XCConfigurationList;
			buildConfigurations = (
				15A47FEA2651C65A005963BE /* Debug */,
				15A47FEB2651C65A005963BE /* Release */,
			);
			defaultConfigurationIsVisible = 0;
			defaultConfigurationName = Release;
		};
/* End XCConfigurationList section */
	};
	rootObject = 15A47FCD2651C659005963BE /* Project object */;
}
